
Microsoft Visual Studio Solution File, Format Version 12.00
# Visual Studio Version 16
VisualStudioVersion = 16.0.31424.327
MinimumVisualStudioVersion = 10.0.40219.1
Project("{9A19103F-16F7-4668-BE54-9A1E7A4F7556}") = "homework", "classwork\homework.csproj", "{D30199D0-EF2D-4044-94DA-23D9DEFBA953}"
EndProject
Project("{FAE04EC0-301F-11D3-BF4B-00C04F79EFBC}") = "homework2", "Classword2\homework2.csproj", "{CF688053-D2F0-4A2F-83CA-393E6CCD90FD}"
EndProject
Global
	GlobalSection(SolutionConfigurationPlatforms) = preSolution
		Debug|Any CPU = Debug|Any CPU
		Release|Any CPU = Release|Any CPU
	EndGlobalSection
	GlobalSection(ProjectConfigurationPlatforms) = postSolution
		{D30199D0-EF2D-4044-94DA-23D9DEFBA953}.Debug|Any CPU.ActiveCfg = Debug|Any CPU
		{D30199D0-EF2D-4044-94DA-23D9DEFBA953}.Debug|Any CPU.Build.0 = Debug|Any CPU
		{D30199D0-EF2D-4044-94DA-23D9DEFBA953}.Release|Any CPU.ActiveCfg = Release|Any CPU
		{D30199D0-EF2D-4044-94DA-23D9DEFBA953}.Release|Any CPU.Build.0 = Release|Any CPU
		{CF688053-D2F0-4A2F-83CA-393E6CCD90FD}.Debug|Any CPU.ActiveCfg = Debug|Any CPU
		{CF688053-D2F0-4A2F-83CA-393E6CCD90FD}.Debug|Any CPU.Build.0 = Debug|Any CPU
		{CF688053-D2F0-4A2F-83CA-393E6CCD90FD}.Release|Any CPU.ActiveCfg = Release|Any CPU
		{CF688053-D2F0-4A2F-83CA-393E6CCD90FD}.Release|Any CPU.Build.0 = Release|Any CPU
	EndGlobalSection
	GlobalSection(SolutionProperties) = preSolution
		HideSolutionNode = FALSE
	EndGlobalSection
	GlobalSection(ExtensibilityGlobals) = postSolution
		SolutionGuid = {19E42255-76C6-4939-8039-D93CA00E187C}
	EndGlobalSection
EndGlobal
